
Microsoft Visual Studio Solution File, Format Version 12.00
# Visual Studio Version 16
VisualStudioVersion = 16.0.33027.164
MinimumVisualStudioVersion = 10.0.40219.1
Project("{FAE04EC0-301F-11D3-BF4B-00C04F79EFBC}") = "fuckdotnet", "fuckdotnet.csproj", "{68A8B0CE-3908-4263-BBFF-856E0E21EFB7}"
EndProject
Global
	GlobalSection(SolutionConfigurationPlatforms) = preSolution
		Debug|Any CPU = Debug|Any CPU
		Release|Any CPU = Release|Any CPU
	EndGlobalSection
	GlobalSection(ProjectConfigurationPlatforms) = postSolution
		{68A8B0CE-3908-4263-BBFF-856E0E21EFB7}.Debug|Any CPU.ActiveCfg = Debug|Any CPU
		{68A8B0CE-3908-4263-BBFF-856E0E21EFB7}.Debug|Any CPU.Build.0 = Debug|Any CPU
		{68A8B0CE-3908-4263-BBFF-856E0E21EFB7}.Release|Any CPU.ActiveCfg = Release|Any CPU
		{68A8B0CE-3908-4263-BBFF-856E0E21EFB7}.Release|Any CPU.Build.0 = Release|Any CPU
	EndGlobalSection
	GlobalSection(SolutionProperties) = preSolution
		HideSolutionNode = FALSE
	EndGlobalSection
	GlobalSection(ExtensibilityGlobals) = postSolution
		SolutionGuid = {40778E1B-665D-4A6A-B363-8E1BA2A3C20B}
	EndGlobalSection
EndGlobal
