
Microsoft Visual Studio Solution File, Format Version 12.00
# Visual Studio Version 16
VisualStudioVersion = 16.0.33027.164
MinimumVisualStudioVersion = 10.0.40219.1
Project("{FAE04EC0-301F-11D3-BF4B-00C04F79EFBC}") = "lab5_1", "lab5_1.csproj", "{C2E6E371-9DF6-4C05-AD7E-758EE0C738CC}"
EndProject
Global
	GlobalSection(SolutionConfigurationPlatforms) = preSolution
		Debug|Any CPU = Debug|Any CPU
		Release|Any CPU = Release|Any CPU
	EndGlobalSection
	GlobalSection(ProjectConfigurationPlatforms) = postSolution
		{C2E6E371-9DF6-4C05-AD7E-758EE0C738CC}.Debug|Any CPU.ActiveCfg = Debug|Any CPU
		{C2E6E371-9DF6-4C05-AD7E-758EE0C738CC}.Debug|Any CPU.Build.0 = Debug|Any CPU
		{C2E6E371-9DF6-4C05-AD7E-758EE0C738CC}.Release|Any CPU.ActiveCfg = Release|Any CPU
		{C2E6E371-9DF6-4C05-AD7E-758EE0C738CC}.Release|Any CPU.Build.0 = Release|Any CPU
	EndGlobalSection
	GlobalSection(SolutionProperties) = preSolution
		HideSolutionNode = FALSE
	EndGlobalSection
	GlobalSection(ExtensibilityGlobals) = postSolution
		SolutionGuid = {D86C1AC7-5746-43DE-8779-2BA696126505}
	EndGlobalSection
EndGlobal
