
Microsoft Visual Studio Solution File, Format Version 12.00
# Visual Studio Version 16
VisualStudioVersion = 16.0.33027.164
MinimumVisualStudioVersion = 10.0.40219.1
Project("{FAE04EC0-301F-11D3-BF4B-00C04F79EFBC}") = "Library_3", "Library_3.csproj", "{D58A3925-BE5B-474B-996B-AC05DF5ACFF8}"
EndProject
Global
	GlobalSection(SolutionConfigurationPlatforms) = preSolution
		Debug|Any CPU = Debug|Any CPU
		Release|Any CPU = Release|Any CPU
	EndGlobalSection
	GlobalSection(ProjectConfigurationPlatforms) = postSolution
		{D58A3925-BE5B-474B-996B-AC05DF5ACFF8}.Debug|Any CPU.ActiveCfg = Debug|Any CPU
		{D58A3925-BE5B-474B-996B-AC05DF5ACFF8}.Debug|Any CPU.Build.0 = Debug|Any CPU
		{D58A3925-BE5B-474B-996B-AC05DF5ACFF8}.Release|Any CPU.ActiveCfg = Release|Any CPU
		{D58A3925-BE5B-474B-996B-AC05DF5ACFF8}.Release|Any CPU.Build.0 = Release|Any CPU
	EndGlobalSection
	GlobalSection(SolutionProperties) = preSolution
		HideSolutionNode = FALSE
	EndGlobalSection
	GlobalSection(ExtensibilityGlobals) = postSolution
		SolutionGuid = {7A30D604-12C6-413D-B2B3-92AEDBE6660E}
	EndGlobalSection
EndGlobal
